// !$*UTF8*$!
{
	archiveVersion = 1;
	classes = {
	};
	objectVersion = 45;
	objects = {

/* Begin PBXBuildFile section */
		1D3623260D0F684500981E51 /* BookViewerAppDelegate.mm in Sources */ = {isa = PBXBuildFile; fileRef = 1D3623250D0F684500981E51 /* BookViewerAppDelegate.mm */; };
		1D60589B0D05DD56006BFB54 /* main.m in Sources */ = {isa = PBXBuildFile; fileRef = 29B97316FDCFA39411CA2CEA /* main.m */; };
		1D60589F0D05DD5A006BFB54 /* Foundation.framework in Frameworks */ = {isa = PBXBuildFile; fileRef = 1D30AB110D05D00D00671497 /* Foundation.framework */; };
		1DF5F4E00D08C38300B7A737 /* UIKit.framework in Frameworks */ = {isa = PBXBuildFile; fileRef = 1DF5F4DF0D08C38300B7A737 /* UIKit.framework */; };
		288765A50DF7441C002DB57D /* CoreGraphics.framework in Frameworks */ = {isa = PBXBuildFile; fileRef = 288765A40DF7441C002DB57D /* CoreGraphics.framework */; };
		2899E5220DE3E06400AC0155 /* BookViewerViewController.xib in Resources */ = {isa = PBXBuildFile; fileRef = 2899E5210DE3E06400AC0155 /* BookViewerViewController.xib */; };
		28AD733F0D9D9553002E5188 /* MainWindow.xib in Resources */ = {isa = PBXBuildFile; fileRef = 28AD733E0D9D9553002E5188 /* MainWindow.xib */; };
		28D7ACF80DDB3853001CB0EB /* BookViewerViewController.mm in Sources */ = {isa = PBXBuildFile; fileRef = 28D7ACF70DDB3853001CB0EB /* BookViewerViewController.mm */; };
		D162499A128037FB00F7151A /* TBookViewCtrl.mm in Sources */ = {isa = PBXBuildFile; fileRef = D1624999128037FB00F7151A /* TBookViewCtrl.mm */; };
		D162499F1280386800F7151A /* TPageLoader.mm in Sources */ = {isa = PBXBuildFile; fileRef = D162499E1280386800F7151A /* TPageLoader.mm */; };
		D16249A2128038AC00F7151A /* TPageHolder.mm in Sources */ = {isa = PBXBuildFile; fileRef = D16249A1128038AC00F7151A /* TPageHolder.mm */; };
		D16249AA12803C1F00F7151A /* TPageCurlView.mm in Sources */ = {isa = PBXBuildFile; fileRef = D16249A912803C1F00F7151A /* TPageCurlView.mm */; };
		D16249C0128041BA00F7151A /* OpenGLES.framework in Frameworks */ = {isa = PBXBuildFile; fileRef = D16249BF128041BA00F7151A /* OpenGLES.framework */; };
		D16249C6128041D300F7151A /* QuartzCore.framework in Frameworks */ = {isa = PBXBuildFile; fileRef = D16249C5128041D300F7151A /* QuartzCore.framework */; };
		D19CED8C12818022001FD006 /* RootView.m in Sources */ = {isa = PBXBuildFile; fileRef = D19CED8B12818022001FD006 /* RootView.m */; };
		D19CEE2A12819996001FD006 /* MathUtil.mm in Sources */ = {isa = PBXBuildFile; fileRef = D19CEE2912819996001FD006 /* MathUtil.mm */; };
		D1DF56B21280E55700914048 /* testView.m in Sources */ = {isa = PBXBuildFile; fileRef = D1DF56B11280E55700914048 /* testView.m */; };
		D1DF56C31280EA8E00914048 /* graphicUtil.mm in Sources */ = {isa = PBXBuildFile; fileRef = D1DF56C21280EA8E00914048 /* graphicUtil.mm */; };
/* End PBXBuildFile section */

/* Begin PBXFileReference section */
		1D30AB110D05D00D00671497 /* Foundation.framework */ = {isa = PBXFileReference; lastKnownFileType = wrapper.framework; name = Foundation.framework; path = System/Library/Frameworks/Foundation.framework; sourceTree = SDKROOT; };
		1D3623240D0F684500981E51 /* BookViewerAppDelegate.h */ = {isa = PBXFileReference; fileEncoding = 4; lastKnownFileType = sourcecode.c.h; path = BookViewerAppDelegate.h; sourceTree = "<group>"; };
		1D3623250D0F684500981E51 /* BookViewerAppDelegate.mm */ = {isa = PBXFileReference; fileEncoding = 4; lastKnownFileType = sourcecode.cpp.objcpp; path = BookViewerAppDelegate.mm; sourceTree = "<group>"; };
		1D6058910D05DD3D006BFB54 /* BookViewer.app */ = {isa = PBXFileReference; explicitFileType = wrapper.application; includeInIndex = 0; path = BookViewer.app; sourceTree = BUILT_PRODUCTS_DIR; };
		1DF5F4DF0D08C38300B7A737 /* UIKit.framework */ = {isa = PBXFileReference; lastKnownFileType = wrapper.framework; name = UIKit.framework; path = System/Library/Frameworks/UIKit.framework; sourceTree = SDKROOT; };
		288765A40DF7441C002DB57D /* CoreGraphics.framework */ = {isa = PBXFileReference; lastKnownFileType = wrapper.framework; name = CoreGraphics.framework; path = System/Library/Frameworks/CoreGraphics.framework; sourceTree = SDKROOT; };
		2899E5210DE3E06400AC0155 /* BookViewerViewController.xib */ = {isa = PBXFileReference; lastKnownFileType = file.xib; path = BookViewerViewController.xib; sourceTree = "<group>"; };
		28AD733E0D9D9553002E5188 /* MainWindow.xib */ = {isa = PBXFileReference; lastKnownFileType = file.xib; path = MainWindow.xib; sourceTree = "<group>"; };
		28D7ACF60DDB3853001CB0EB /* BookViewerViewController.h */ = {isa = PBXFileReference; fileEncoding = 4; lastKnownFileType = sourcecode.c.h; path = BookViewerViewController.h; sourceTree = "<group>"; };
		28D7ACF70DDB3853001CB0EB /* BookViewerViewController.mm */ = {isa = PBXFileReference; fileEncoding = 4; lastKnownFileType = sourcecode.cpp.objcpp; path = BookViewerViewController.mm; sourceTree = "<group>"; };
		29B97316FDCFA39411CA2CEA /* main.m */ = {isa = PBXFileReference; fileEncoding = 4; lastKnownFileType = sourcecode.c.objc; path = main.m; sourceTree = "<group>"; };
		32CA4F630368D1EE00C91783 /* BookViewer_Prefix.pch */ = {isa = PBXFileReference; fileEncoding = 4; lastKnownFileType = sourcecode.c.h; path = BookViewer_Prefix.pch; sourceTree = "<group>"; };
		8D1107310486CEB800E47090 /* BookViewer-Info.plist */ = {isa = PBXFileReference; fileEncoding = 4; lastKnownFileType = text.plist.xml; path = "BookViewer-Info.plist"; plistStructureDefinitionIdentifier = "com.apple.xcode.plist.structure-definition.iphone.info-plist"; sourceTree = "<group>"; };
		D1624998128037FB00F7151A /* TBookViewCtrl.h */ = {isa = PBXFileReference; fileEncoding = 4; lastKnownFileType = sourcecode.c.h; name = TBookViewCtrl.h; path = Lib/TBookViewCtrl.h; sourceTree = "<group>"; };
		D1624999128037FB00F7151A /* TBookViewCtrl.mm */ = {isa = PBXFileReference; fileEncoding = 4; lastKnownFileType = sourcecode.cpp.objcpp; name = TBookViewCtrl.mm; path = Lib/TBookViewCtrl.mm; sourceTree = "<group>"; };
		D162499D1280386800F7151A /* TPageLoader.h */ = {isa = PBXFileReference; fileEncoding = 4; lastKnownFileType = sourcecode.c.h; name = TPageLoader.h; path = Lib/TPageLoader.h; sourceTree = "<group>"; };
		D162499E1280386800F7151A /* TPageLoader.mm */ = {isa = PBXFileReference; fileEncoding = 4; lastKnownFileType = sourcecode.cpp.objcpp; name = TPageLoader.mm; path = Lib/TPageLoader.mm; sourceTree = "<group>"; };
		D16249A0128038AC00F7151A /* TPageHolder.h */ = {isa = PBXFileReference; fileEncoding = 4; lastKnownFileType = sourcecode.c.h; name = TPageHolder.h; path = Lib/TPageHolder.h; sourceTree = "<group>"; };
		D16249A1128038AC00F7151A /* TPageHolder.mm */ = {isa = PBXFileReference; fileEncoding = 4; lastKnownFileType = sourcecode.cpp.objcpp; name = TPageHolder.mm; path = Lib/TPageHolder.mm; sourceTree = "<group>"; };
		D16249A812803C1F00F7151A /* TPageCurlView.h */ = {isa = PBXFileReference; fileEncoding = 4; lastKnownFileType = sourcecode.c.h; name = TPageCurlView.h; path = Lib/TPageCurlView.h; sourceTree = "<group>"; };
		D16249A912803C1F00F7151A /* TPageCurlView.mm */ = {isa = PBXFileReference; fileEncoding = 4; lastKnownFileType = sourcecode.cpp.objcpp; name = TPageCurlView.mm; path = Lib/TPageCurlView.mm; sourceTree = "<group>"; };
		D16249AC12803DD500F7151A /* TBookViewDefinition.h */ = {isa = PBXFileReference; fileEncoding = 4; lastKnownFileType = sourcecode.c.h; name = TBookViewDefinition.h; path = Lib/TBookViewDefinition.h; sourceTree = "<group>"; };
		D16249BF128041BA00F7151A /* OpenGLES.framework */ = {isa = PBXFileReference; lastKnownFileType = wrapper.framework; name = OpenGLES.framework; path = System/Library/Frameworks/OpenGLES.framework; sourceTree = SDKROOT; };
		D16249C5128041D300F7151A /* QuartzCore.framework */ = {isa = PBXFileReference; lastKnownFileType = wrapper.framework; name = QuartzCore.framework; path = System/Library/Frameworks/QuartzCore.framework; sourceTree = SDKROOT; };
		D19CED8A12818022001FD006 /* RootView.h */ = {isa = PBXFileReference; fileEncoding = 4; lastKnownFileType = sourcecode.c.h; path = RootView.h; sourceTree = "<group>"; };
		D19CED8B12818022001FD006 /* RootView.m */ = {isa = PBXFileReference; fileEncoding = 4; lastKnownFileType = sourcecode.c.objc; path = RootView.m; sourceTree = "<group>"; };
		D19CED94128180BD001FD006 /* TouchesDelegate.h */ = {isa = PBXFileReference; fileEncoding = 4; lastKnownFileType = sourcecode.c.h; path = TouchesDelegate.h; sourceTree = "<group>"; };
		D19CEE2812819996001FD006 /* MathUtil.h */ = {isa = PBXFileReference; fileEncoding = 4; lastKnownFileType = sourcecode.c.h; name = MathUtil.h; path = Lib/MathUtil.h; sourceTree = "<group>"; };
		D19CEE2912819996001FD006 /* MathUtil.mm */ = {isa = PBXFileReference; fileEncoding = 4; lastKnownFileType = sourcecode.cpp.objcpp; name = MathUtil.mm; path = Lib/MathUtil.mm; sourceTree = "<group>"; };
		D1DF56B01280E55700914048 /* testView.h */ = {isa = PBXFileReference; fileEncoding = 4; lastKnownFileType = sourcecode.c.h; name = testView.h; path = Lib/testView.h; sourceTree = "<group>"; };
		D1DF56B11280E55700914048 /* testView.m */ = {isa = PBXFileReference; fileEncoding = 4; lastKnownFileType = sourcecode.c.objc; name = testView.m; path = Lib/testView.m; sourceTree = "<group>"; };
		D1DF56C11280EA8E00914048 /* graphicUtil.h */ = {isa = PBXFileReference; fileEncoding = 4; lastKnownFileType = sourcecode.c.h; name = graphicUtil.h; path = Lib/graphicUtil.h; sourceTree = "<group>"; };
		D1DF56C21280EA8E00914048 /* graphicUtil.mm */ = {isa = PBXFileReference; fileEncoding = 4; lastKnownFileType = sourcecode.cpp.objcpp; name = graphicUtil.mm; path = Lib/graphicUtil.mm; sourceTree = "<group>"; };
/* End PBXFileReference section */

/* Begin PBXFrameworksBuildPhase section */
		1D60588F0D05DD3D006BFB54 /* Frameworks */ = {
			isa = PBXFrameworksBuildPhase;
			buildActionMask = 2147483647;
			files = (
				1D60589F0D05DD5A006BFB54 /* Foundation.framework in Frameworks */,
				1DF5F4E00D08C38300B7A737 /* UIKit.framework in Frameworks */,
				288765A50DF7441C002DB57D /* CoreGraphics.framework in Frameworks */,
				D16249C0128041BA00F7151A /* OpenGLES.framework in Frameworks */,
				D16249C6128041D300F7151A /* QuartzCore.framework in Frameworks */,
			);
			runOnlyForDeploymentPostprocessing = 0;
		};
/* End PBXFrameworksBuildPhase section */

/* Begin PBXGroup section */
		080E96DDFE201D6D7F000001 /* Classes */ = {
			isa = PBXGroup;
			children = (
				D16249921280377100F7151A /* Lib */,
				1D3623240D0F684500981E51 /* BookViewerAppDelegate.h */,
				1D3623250D0F684500981E51 /* BookViewerAppDelegate.mm */,
				28D7ACF60DDB3853001CB0EB /* BookViewerViewController.h */,
				28D7ACF70DDB3853001CB0EB /* BookViewerViewController.mm */,
				D19CED8A12818022001FD006 /* RootView.h */,
				D19CED8B12818022001FD006 /* RootView.m */,
				D19CED94128180BD001FD006 /* TouchesDelegate.h */,
			);
			path = Classes;
			sourceTree = "<group>";
		};
		19C28FACFE9D520D11CA2CBB /* Products */ = {
			isa = PBXGroup;
			children = (
				1D6058910D05DD3D006BFB54 /* BookViewer.app */,
			);
			name = Products;
			sourceTree = "<group>";
		};
		29B97314FDCFA39411CA2CEA /* CustomTemplate */ = {
			isa = PBXGroup;
			children = (
				080E96DDFE201D6D7F000001 /* Classes */,
				29B97315FDCFA39411CA2CEA /* Other Sources */,
				29B97317FDCFA39411CA2CEA /* Resources */,
				29B97323FDCFA39411CA2CEA /* Frameworks */,
				19C28FACFE9D520D11CA2CBB /* Products */,
			);
			name = CustomTemplate;
			sourceTree = "<group>";
		};
		29B97315FDCFA39411CA2CEA /* Other Sources */ = {
			isa = PBXGroup;
			children = (
				32CA4F630368D1EE00C91783 /* BookViewer_Prefix.pch */,
				29B97316FDCFA39411CA2CEA /* main.m */,
			);
			name = "Other Sources";
			sourceTree = "<group>";
		};
		29B97317FDCFA39411CA2CEA /* Resources */ = {
			isa = PBXGroup;
			children = (
				D1DF577112810E2F00914048 /* images */,
				2899E5210DE3E06400AC0155 /* BookViewerViewController.xib */,
				28AD733E0D9D9553002E5188 /* MainWindow.xib */,
				8D1107310486CEB800E47090 /* BookViewer-Info.plist */,
			);
			name = Resources;
			sourceTree = "<group>";
		};
		29B97323FDCFA39411CA2CEA /* Frameworks */ = {
			isa = PBXGroup;
			children = (
				1DF5F4DF0D08C38300B7A737 /* UIKit.framework */,
				1D30AB110D05D00D00671497 /* Foundation.framework */,
				288765A40DF7441C002DB57D /* CoreGraphics.framework */,
				D16249BF128041BA00F7151A /* OpenGLES.framework */,
				D16249C5128041D300F7151A /* QuartzCore.framework */,
			);
			name = Frameworks;
			sourceTree = "<group>";
		};
		D16249921280377100F7151A /* Lib */ = {
			isa = PBXGroup;
			children = (
				D1DF56C11280EA8E00914048 /* graphicUtil.h */,
				D19CEE2812819996001FD006 /* MathUtil.h */,
				D19CEE2912819996001FD006 /* MathUtil.mm */,
				D1DF56C21280EA8E00914048 /* graphicUtil.mm */,
				D1DF56B01280E55700914048 /* testView.h */,
				D1DF56B11280E55700914048 /* testView.m */,
				D16249A812803C1F00F7151A /* TPageCurlView.h */,
				D16249A912803C1F00F7151A /* TPageCurlView.mm */,
				D1624998128037FB00F7151A /* TBookViewCtrl.h */,
				D1624999128037FB00F7151A /* TBookViewCtrl.mm */,
				D162499D1280386800F7151A /* TPageLoader.h */,
				D162499E1280386800F7151A /* TPageLoader.mm */,
				D16249A0128038AC00F7151A /* TPageHolder.h */,
				D16249A1128038AC00F7151A /* TPageHolder.mm */,
				D16249AC12803DD500F7151A /* TBookViewDefinition.h */,
			);
			name = Lib;
			sourceTree = "<group>";
		};
		D1DF577112810E2F00914048 /* images */ = {
			isa = PBXGroup;
			children = (
			);
			name = images;
			sourceTree = "<group>";
		};
/* End PBXGroup section */

/* Begin PBXNativeTarget section */
		1D6058900D05DD3D006BFB54 /* BookViewer */ = {
			isa = PBXNativeTarget;
			buildConfigurationList = 1D6058960D05DD3E006BFB54 /* Build configuration list for PBXNativeTarget "BookViewer" */;
			buildPhases = (
				1D60588D0D05DD3D006BFB54 /* Resources */,
				1D60588E0D05DD3D006BFB54 /* Sources */,
				1D60588F0D05DD3D006BFB54 /* Frameworks */,
			);
			buildRules = (
			);
			dependencies = (
			);
			name = BookViewer;
			productName = BookViewer;
			productReference = 1D6058910D05DD3D006BFB54 /* BookViewer.app */;
			productType = "com.apple.product-type.application";
		};
/* End PBXNativeTarget section */

/* Begin PBXProject section */
		29B97313FDCFA39411CA2CEA /* Project object */ = {
			isa = PBXProject;
			buildConfigurationList = C01FCF4E08A954540054247B /* Build configuration list for PBXProject "BookViewer" */;
			compatibilityVersion = "Xcode 3.1";
			developmentRegion = English;
			hasScannedForEncodings = 1;
			knownRegions = (
				English,
				Japanese,
				French,
				German,
			);
			mainGroup = 29B97314FDCFA39411CA2CEA /* CustomTemplate */;
			projectDirPath = "";
			projectRoot = "";
			targets = (
				1D6058900D05DD3D006BFB54 /* BookViewer */,
			);
		};
/* End PBXProject section */

/* Begin PBXResourcesBuildPhase section */
		1D60588D0D05DD3D006BFB54 /* Resources */ = {
			isa = PBXResourcesBuildPhase;
			buildActionMask = 2147483647;
			files = (
				28AD733F0D9D9553002E5188 /* MainWindow.xib in Resources */,
				2899E5220DE3E06400AC0155 /* BookViewerViewController.xib in Resources */,
			);
			runOnlyForDeploymentPostprocessing = 0;
		};
/* End PBXResourcesBuildPhase section */

/* Begin PBXSourcesBuildPhase section */
		1D60588E0D05DD3D006BFB54 /* Sources */ = {
			isa = PBXSourcesBuildPhase;
			buildActionMask = 2147483647;
			files = (
				1D60589B0D05DD56006BFB54 /* main.m in Sources */,
				1D3623260D0F684500981E51 /* BookViewerAppDelegate.mm in Sources */,
				28D7ACF80DDB3853001CB0EB /* BookViewerViewController.mm in Sources */,
				D162499A128037FB00F7151A /* TBookViewCtrl.mm in Sources */,
				D162499F1280386800F7151A /* TPageLoader.mm in Sources */,
				D16249A2128038AC00F7151A /* TPageHolder.mm in Sources */,
				D16249AA12803C1F00F7151A /* TPageCurlView.mm in Sources */,
				D1DF56B21280E55700914048 /* testView.m in Sources */,
				D1DF56C31280EA8E00914048 /* graphicUtil.mm in Sources */,
				D19CED8C12818022001FD006 /* RootView.m in Sources */,
				D19CEE2A12819996001FD006 /* MathUtil.mm in Sources */,
			);
			runOnlyForDeploymentPostprocessing = 0;
		};
/* End PBXSourcesBuildPhase section */

/* Begin XCBuildConfiguration section */
		1D6058940D05DD3E006BFB54 /* Debug */ = {
			isa = XCBuildConfiguration;
			buildSettings = {
				ALWAYS_SEARCH_USER_PATHS = NO;
				COPY_PHASE_STRIP = NO;
				GCC_DYNAMIC_NO_PIC = NO;
				GCC_OPTIMIZATION_LEVEL = 0;
				GCC_PRECOMPILE_PREFIX_HEADER = YES;
				GCC_PREFIX_HEADER = BookViewer_Prefix.pch;
				INFOPLIST_FILE = "BookViewer-Info.plist";
				PRODUCT_NAME = BookViewer;
			};
			name = Debug;
		};
		1D6058950D05DD3E006BFB54 /* Release */ = {
			isa = XCBuildConfiguration;
			buildSettings = {
				ALWAYS_SEARCH_USER_PATHS = NO;
				COPY_PHASE_STRIP = YES;
				GCC_PRECOMPILE_PREFIX_HEADER = YES;
				GCC_PREFIX_HEADER = BookViewer_Prefix.pch;
				INFOPLIST_FILE = "BookViewer-Info.plist";
				PRODUCT_NAME = BookViewer;
				VALIDATE_PRODUCT = YES;
			};
			name = Release;
		};
		C01FCF4F08A954540054247B /* Debug */ = {
			isa = XCBuildConfiguration;
			buildSettings = {
				ARCHS = "$(ARCHS_STANDARD_32_BIT)";
				"CODE_SIGN_IDENTITY[sdk=iphoneos*]" = "iPhone Developer: Naoya Karatsu (P52ZVS6MZ8)";
				GCC_C_LANGUAGE_STANDARD = c99;
				GCC_WARN_ABOUT_RETURN_TYPE = YES;
				GCC_WARN_UNUSED_VARIABLE = YES;
				PREBINDING = NO;
				"PROVISIONING_PROFILE[sdk=iphoneos*]" = "4378A2CA-96DA-4F71-ACDB-D5CBFBE45ED4";
				SDKROOT = iphoneos;
				TARGETED_DEVICE_FAMILY = 2;
			};
			name = Debug;
		};
		C01FCF5008A954540054247B /* Release */ = {
			isa = XCBuildConfiguration;
			buildSettings = {
				ARCHS = "$(ARCHS_STANDARD_32_BIT)";
				"CODE_SIGN_IDENTITY[sdk=iphoneos*]" = "iPhone Developer";
				GCC_C_LANGUAGE_STANDARD = c99;
				GCC_WARN_ABOUT_RETURN_TYPE = YES;
				GCC_WARN_UNUSED_VARIABLE = YES;
				OTHER_CFLAGS = "-DNS_BLOCK_ASSERTIONS=1";
				PREBINDING = NO;
				SDKROOT = iphoneos;
			};
			name = Release;
		};
/* End XCBuildConfiguration section */

/* Begin XCConfigurationList section */
		1D6058960D05DD3E006BFB54 /* Build configuration list for PBXNativeTarget "BookViewer" */ = {
			isa = XCConfigurationList;
			buildConfigurations = (
				1D6058940D05DD3E006BFB54 /* Debug */,
				1D6058950D05DD3E006BFB54 /* Release */,
			);
			defaultConfigurationIsVisible = 0;
			defaultConfigurationName = Release;
		};
		C01FCF4E08A954540054247B /* Build configuration list for PBXProject "BookViewer" */ = {
			isa = XCConfigurationList;
			buildConfigurations = (
				C01FCF4F08A954540054247B /* Debug */,
				C01FCF5008A954540054247B /* Release */,
			);
			defaultConfigurationIsVisible = 0;
			defaultConfigurationName = Release;
		};
/* End XCConfigurationList section */
	};
	rootObject = 29B97313FDCFA39411CA2CEA /* Project object */;
}
